
Microsoft Visual Studio Solution File, Format Version 12.00
# Visual Studio Version 17
VisualStudioVersion = 17.0.31903.59
MinimumVisualStudioVersion = 10.0.40219.1
Project("{FAE04EC0-301F-11D3-BF4B-00C04F79EFBC}") = "ConsoleApp500", "ConsoleApp500.csproj", "{32053276-D36C-46C7-BA4D-5FA3FDC628B5}"
EndProject
Global
	GlobalSection(SolutionConfigurationPlatforms) = preSolution
		Debug|Any CPU = Debug|Any CPU
		Release|Any CPU = Release|Any CPU
	EndGlobalSection
	GlobalSection(ProjectConfigurationPlatforms) = postSolution
		{32053276-D36C-46C7-BA4D-5FA3FDC628B5}.Debug|Any CPU.ActiveCfg = Debug|Any CPU
		{32053276-D36C-46C7-BA4D-5FA3FDC628B5}.Debug|Any CPU.Build.0 = Debug|Any CPU
		{32053276-D36C-46C7-BA4D-5FA3FDC628B5}.Release|Any CPU.ActiveCfg = Release|Any CPU
		{32053276-D36C-46C7-BA4D-5FA3FDC628B5}.Release|Any CPU.Build.0 = Release|Any CPU
	EndGlobalSection
	GlobalSection(SolutionProperties) = preSolution
		HideSolutionNode = FALSE
	EndGlobalSection
	GlobalSection(ExtensibilityGlobals) = postSolution
		SolutionGuid = {EBFC4223-4B2C-4553-AD3D-FD77DF3666FE}
	EndGlobalSection
EndGlobal
